
Microsoft Visual Studio Solution File, Format Version 12.00
# Visual Studio Version 16
VisualStudioVersion = 16.0.33027.164
MinimumVisualStudioVersion = 10.0.40219.1
Project("{FAE04EC0-301F-11D3-BF4B-00C04F79EFBC}") = "FileManagementSystem", "FileManagementSystem\FileManagementSystem.csproj", "{DD18FAAD-70E9-4E09-B191-E645A2C189A7}"
EndProject
Global
	GlobalSection(SolutionConfigurationPlatforms) = preSolution
		Debug|Any CPU = Debug|Any CPU
		Release|Any CPU = Release|Any CPU
	EndGlobalSection
	GlobalSection(ProjectConfigurationPlatforms) = postSolution
		{DD18FAAD-70E9-4E09-B191-E645A2C189A7}.Debug|Any CPU.ActiveCfg = Debug|Any CPU
		{DD18FAAD-70E9-4E09-B191-E645A2C189A7}.Debug|Any CPU.Build.0 = Debug|Any CPU
		{DD18FAAD-70E9-4E09-B191-E645A2C189A7}.Release|Any CPU.ActiveCfg = Release|Any CPU
		{DD18FAAD-70E9-4E09-B191-E645A2C189A7}.Release|Any CPU.Build.0 = Release|Any CPU
	EndGlobalSection
	GlobalSection(SolutionProperties) = preSolution
		HideSolutionNode = FALSE
	EndGlobalSection
	GlobalSection(ExtensibilityGlobals) = postSolution
		SolutionGuid = {7E7E5573-5F48-4FC5-9F9C-8FCD83394719}
	EndGlobalSection
EndGlobal
